{
  "name": "jornades",
  "lockfileVersion": 3,
  "requires": true,
  "packages": {
    "": {
      "dependencies": {
        "server": "file:../.."
      }
    },
    "../..": {
      "version": "1.0.0",
      "license": "ISC",
      "dependencies": {
        "@casl/ability": "^6.8.1",
        "cors": "^2.8.5",
        "dotenv": "^16.6.1",
        "express": "^5.2.1",
        "google-auth-library": "^10.6.2",
        "jsonwebtoken": "^9.0.3",
        "passport": "^0.7.0",
        "passport-google-oauth20": "^2.0.0",
        "pg": "^8.11.3",
        "reflect-metadata": "^0.1.14",
        "typeorm": "^0.3.20"
      }
    },
    "node_modules/server": {
      "resolved": "../..",
      "link": true
    }
  }
}
